
Microsoft Visual Studio Solution File, Format Version 12.00
# Visual Studio Version 17
VisualStudioVersion = 17.2.32516.85
MinimumVisualStudioVersion = 10.0.40219.1
Project("{9A19103F-16F7-4668-BE54-9A1E7A4F7556}") = "BikeStore", "BikeStore\BikeStore.csproj", "{0CF7E6DD-7222-4BFE-859A-2FF54C250F56}"
EndProject
Project("{9A19103F-16F7-4668-BE54-9A1E7A4F7556}") = "InfoViewer", "InfoViewer\InfoViewer.csproj", "{5C393F99-51AA-43DE-A4B4-756B04F2C0DA}"
EndProject
Global
	GlobalSection(SolutionConfigurationPlatforms) = preSolution
		Debug|Any CPU = Debug|Any CPU
		Release|Any CPU = Release|Any CPU
	EndGlobalSection
	GlobalSection(ProjectConfigurationPlatforms) = postSolution
		{0CF7E6DD-7222-4BFE-859A-2FF54C250F56}.Debug|Any CPU.ActiveCfg = Debug|Any CPU
		{0CF7E6DD-7222-4BFE-859A-2FF54C250F56}.Debug|Any CPU.Build.0 = Debug|Any CPU
		{0CF7E6DD-7222-4BFE-859A-2FF54C250F56}.Release|Any CPU.ActiveCfg = Release|Any CPU
		{0CF7E6DD-7222-4BFE-859A-2FF54C250F56}.Release|Any CPU.Build.0 = Release|Any CPU
		{5C393F99-51AA-43DE-A4B4-756B04F2C0DA}.Debug|Any CPU.ActiveCfg = Debug|Any CPU
		{5C393F99-51AA-43DE-A4B4-756B04F2C0DA}.Debug|Any CPU.Build.0 = Debug|Any CPU
		{5C393F99-51AA-43DE-A4B4-756B04F2C0DA}.Release|Any CPU.ActiveCfg = Release|Any CPU
		{5C393F99-51AA-43DE-A4B4-756B04F2C0DA}.Release|Any CPU.Build.0 = Release|Any CPU
	EndGlobalSection
	GlobalSection(SolutionProperties) = preSolution
		HideSolutionNode = FALSE
	EndGlobalSection
	GlobalSection(ExtensibilityGlobals) = postSolution
		SolutionGuid = {E1B05CE0-A182-4589-A159-C42E3CE89F20}
	EndGlobalSection
EndGlobal
